
Microsoft Visual Studio Solution File, Format Version 12.00
# Visual Studio Version 17
VisualStudioVersion = 17.3.32811.315
MinimumVisualStudioVersion = 10.0.40219.1
Project("{54A90642-561A-4BB1-A94E-469ADEE60C69}") = "frontend-crud", "frontend-CRUD\frontend-crud.esproj", "{2BC495CB-04DE-484E-8A03-DA9C39B7E5A8}"
EndProject
Project("{FAE04EC0-301F-11D3-BF4B-00C04F79EFBC}") = "backend", "backend\backend.csproj", "{556FFE90-C9D6-4D0A-8A3A-139549D9383A}"
EndProject
Global
	GlobalSection(SolutionConfigurationPlatforms) = preSolution
		Debug|Any CPU = Debug|Any CPU
		Release|Any CPU = Release|Any CPU
	EndGlobalSection
	GlobalSection(ProjectConfigurationPlatforms) = postSolution
		{2BC495CB-04DE-484E-8A03-DA9C39B7E5A8}.Debug|Any CPU.ActiveCfg = Debug|Any CPU
		{2BC495CB-04DE-484E-8A03-DA9C39B7E5A8}.Debug|Any CPU.Build.0 = Debug|Any CPU
		{2BC495CB-04DE-484E-8A03-DA9C39B7E5A8}.Debug|Any CPU.Deploy.0 = Debug|Any CPU
		{2BC495CB-04DE-484E-8A03-DA9C39B7E5A8}.Release|Any CPU.ActiveCfg = Release|Any CPU
		{2BC495CB-04DE-484E-8A03-DA9C39B7E5A8}.Release|Any CPU.Build.0 = Release|Any CPU
		{2BC495CB-04DE-484E-8A03-DA9C39B7E5A8}.Release|Any CPU.Deploy.0 = Release|Any CPU
		{556FFE90-C9D6-4D0A-8A3A-139549D9383A}.Debug|Any CPU.ActiveCfg = Debug|Any CPU
		{556FFE90-C9D6-4D0A-8A3A-139549D9383A}.Debug|Any CPU.Build.0 = Debug|Any CPU
		{556FFE90-C9D6-4D0A-8A3A-139549D9383A}.Release|Any CPU.ActiveCfg = Release|Any CPU
		{556FFE90-C9D6-4D0A-8A3A-139549D9383A}.Release|Any CPU.Build.0 = Release|Any CPU
	EndGlobalSection
	GlobalSection(SolutionProperties) = preSolution
		HideSolutionNode = FALSE
	EndGlobalSection
	GlobalSection(ExtensibilityGlobals) = postSolution
		SolutionGuid = {BF40078F-5CDF-46B8-91DA-919220E302BB}
	EndGlobalSection
EndGlobal
